Microsoft Visual Studio Solution File, Format Version 11.00
# Visual Studio 2008

Project("{6C0B90A8-37F8-FE97-4E02-0C26AF32C223}") = "DuckHunted", "Assembly-CSharp-firstpass.csproj", "{48E212F0-53F5-E180-505D-69A1BBE50A8D}"
EndProject
Project("{6C0B90A8-37F8-FE97-4E02-0C26AF32C223}") = "DuckHunted", "Assembly-UnityScript-firstpass.unityproj", "{FF79E14D-85AE-9454-4EB4-3CF7CF0EF62D}"
EndProject
Project("{6C0B90A8-37F8-FE97-4E02-0C26AF32C223}") = "DuckHunted", "Assembly-UnityScript.unityproj", "{EFD0DD52-AC44-88D0-8A40-496668CF7D3C}"
EndProject
Global
	GlobalSection(SolutionConfigurationPlatforms) = preSolution
		Debug|Any CPU = Debug|Any CPU
		Release|Any CPU = Release|Any CPU
	EndGlobalSection
	GlobalSection(ProjectConfigurationPlatforms) = postSolution
		{48E212F0-53F5-E180-505D-69A1BBE50A8D}.Debug|Any CPU.ActiveCfg = Debug|Any CPU
		{48E212F0-53F5-E180-505D-69A1BBE50A8D}.Debug|Any CPU.Build.0 = Debug|Any CPU
		{48E212F0-53F5-E180-505D-69A1BBE50A8D}.Release|Any CPU.ActiveCfg = Release|Any CPU
		{48E212F0-53F5-E180-505D-69A1BBE50A8D}.Release|Any CPU.Build.0 = Release|Any CPU
		{FF79E14D-85AE-9454-4EB4-3CF7CF0EF62D}.Debug|Any CPU.ActiveCfg = Debug|Any CPU
		{FF79E14D-85AE-9454-4EB4-3CF7CF0EF62D}.Debug|Any CPU.Build.0 = Debug|Any CPU
		{FF79E14D-85AE-9454-4EB4-3CF7CF0EF62D}.Release|Any CPU.ActiveCfg = Release|Any CPU
		{FF79E14D-85AE-9454-4EB4-3CF7CF0EF62D}.Release|Any CPU.Build.0 = Release|Any CPU
		{EFD0DD52-AC44-88D0-8A40-496668CF7D3C}.Debug|Any CPU.ActiveCfg = Debug|Any CPU
		{EFD0DD52-AC44-88D0-8A40-496668CF7D3C}.Debug|Any CPU.Build.0 = Debug|Any CPU
		{EFD0DD52-AC44-88D0-8A40-496668CF7D3C}.Release|Any CPU.ActiveCfg = Release|Any CPU
		{EFD0DD52-AC44-88D0-8A40-496668CF7D3C}.Release|Any CPU.Build.0 = Release|Any CPU
	EndGlobalSection
	GlobalSection(SolutionProperties) = preSolution
		HideSolutionNode = FALSE
	EndGlobalSection
																GlobalSection(MonoDevelopProperties) = preSolution
		StartupItem = Assembly-CSharp.csproj
		Policies = $0
		$0.TextStylePolicy = $1
		$1.inheritsSet = null
		$1.scope = text/x-csharp
		$0.CSharpFormattingPolicy = $2
		$2.inheritsSet = Mono
		$2.inheritsScope = text/x-csharp
		$2.scope = text/x-csharp
		$0.TextStylePolicy = $3
		$3.FileWidth = 120
		$3.TabWidth = 4
		$3.EolMarker = Unix
		$3.inheritsSet = Mono
		$3.inheritsScope = text/plain
		$3.scope = text/plain
	EndGlobalSection

EndGlobal
